
Microsoft Visual Studio Solution File, Format Version 12.00
# Visual Studio 2012
Project("{FAE04EC0-301F-11D3-BF4B-00C04F79EFBC}") = "ColorSpike", "ColorSpike\ColorSpike.csproj", "{7FEBC157-0785-4580-9637-EFD9F559ACFE}"
EndProject
Project("{FAE04EC0-301F-11D3-BF4B-00C04F79EFBC}") = "UdpRecv", "UdpRecv\UdpRecv.csproj", "{1106D316-CC20-4BDB-8D5B-D4A399D55915}"
EndProject
Global
	GlobalSection(SolutionConfigurationPlatforms) = preSolution
		Debug|Any CPU = Debug|Any CPU
		Debug|Mixed Platforms = Debug|Mixed Platforms
		Debug|x86 = Debug|x86
		Release|Any CPU = Release|Any CPU
		Release|Mixed Platforms = Release|Mixed Platforms
		Release|x86 = Release|x86
	EndGlobalSection
	GlobalSection(ProjectConfigurationPlatforms) = postSolution
		{7FEBC157-0785-4580-9637-EFD9F559ACFE}.Debug|Any CPU.ActiveCfg = Debug|x86
		{7FEBC157-0785-4580-9637-EFD9F559ACFE}.Debug|Mixed Platforms.ActiveCfg = Debug|x86
		{7FEBC157-0785-4580-9637-EFD9F559ACFE}.Debug|Mixed Platforms.Build.0 = Debug|x86
		{7FEBC157-0785-4580-9637-EFD9F559ACFE}.Debug|x86.ActiveCfg = Debug|x86
		{7FEBC157-0785-4580-9637-EFD9F559ACFE}.Debug|x86.Build.0 = Debug|x86
		{7FEBC157-0785-4580-9637-EFD9F559ACFE}.Release|Any CPU.ActiveCfg = Release|x86
		{7FEBC157-0785-4580-9637-EFD9F559ACFE}.Release|Mixed Platforms.ActiveCfg = Release|x86
		{7FEBC157-0785-4580-9637-EFD9F559ACFE}.Release|Mixed Platforms.Build.0 = Release|x86
		{7FEBC157-0785-4580-9637-EFD9F559ACFE}.Release|x86.ActiveCfg = Release|x86
		{7FEBC157-0785-4580-9637-EFD9F559ACFE}.Release|x86.Build.0 = Release|x86
		{1106D316-CC20-4BDB-8D5B-D4A399D55915}.Debug|Any CPU.ActiveCfg = Debug|Any CPU
		{1106D316-CC20-4BDB-8D5B-D4A399D55915}.Debug|Any CPU.Build.0 = Debug|Any CPU
		{1106D316-CC20-4BDB-8D5B-D4A399D55915}.Debug|Mixed Platforms.ActiveCfg = Debug|Any CPU
		{1106D316-CC20-4BDB-8D5B-D4A399D55915}.Debug|Mixed Platforms.Build.0 = Debug|Any CPU
		{1106D316-CC20-4BDB-8D5B-D4A399D55915}.Debug|x86.ActiveCfg = Debug|Any CPU
		{1106D316-CC20-4BDB-8D5B-D4A399D55915}.Release|Any CPU.ActiveCfg = Release|Any CPU
		{1106D316-CC20-4BDB-8D5B-D4A399D55915}.Release|Any CPU.Build.0 = Release|Any CPU
		{1106D316-CC20-4BDB-8D5B-D4A399D55915}.Release|Mixed Platforms.ActiveCfg = Release|Any CPU
		{1106D316-CC20-4BDB-8D5B-D4A399D55915}.Release|Mixed Platforms.Build.0 = Release|Any CPU
		{1106D316-CC20-4BDB-8D5B-D4A399D55915}.Release|x86.ActiveCfg = Release|Any CPU
	EndGlobalSection
	GlobalSection(SolutionProperties) = preSolution
		HideSolutionNode = FALSE
	EndGlobalSection
EndGlobal
